
Microsoft Visual Studio Solution File, Format Version 12.00
# Visual Studio Version 16
VisualStudioVersion = 16.0.31424.327
MinimumVisualStudioVersion = 10.0.40219.1
Project("{FAE04EC0-301F-11D3-BF4B-00C04F79EFBC}") = "NeteaseMusicCloudMatch", "NeteaseMusicCloudMatch\NeteaseMusicCloudMatch.csproj", "{F96AC0E6-687B-4A77-A7C2-8312D188F814}"
EndProject
Global
	GlobalSection(SolutionConfigurationPlatforms) = preSolution
		Debug|Any CPU = Debug|Any CPU
		Release|Any CPU = Release|Any CPU
	EndGlobalSection
	GlobalSection(ProjectConfigurationPlatforms) = postSolution
		{F96AC0E6-687B-4A77-A7C2-8312D188F814}.Debug|Any CPU.ActiveCfg = Debug|Any CPU
		{F96AC0E6-687B-4A77-A7C2-8312D188F814}.Debug|Any CPU.Build.0 = Debug|Any CPU
		{F96AC0E6-687B-4A77-A7C2-8312D188F814}.Release|Any CPU.ActiveCfg = Release|Any CPU
		{F96AC0E6-687B-4A77-A7C2-8312D188F814}.Release|Any CPU.Build.0 = Release|Any CPU
	EndGlobalSection
	GlobalSection(SolutionProperties) = preSolution
		HideSolutionNode = FALSE
	EndGlobalSection
	GlobalSection(ExtensibilityGlobals) = postSolution
		SolutionGuid = {6AAC1C3C-B156-47E7-B653-263430A1DFB3}
	EndGlobalSection
EndGlobal
